{
  "name": "yog-log",
  "version": "0.1.6",
  "lockfileVersion": 1,
  "requires": true,
  "dependencies": {
    "colors": {
      "version": "0.6.2",
      "resolved": "http://registry.npm.baidu-int.com/colors/-/colors-0.6.2.tgz",
      "integrity": "sha1-JCP+ZnisDF2uiFLl0OW+CMmXq8w="
    },
    "fast-strftime": {
      "version": "1.1.1",
      "resolved": "http://registry.npm.baidu-int.com/fast-strftime/-/fast-strftime-1.1.1.tgz",
      "integrity": "sha1-7hsUbWfN31AD6RJwzKIiUFtH0/M="
    },
    "minimist": {
      "version": "0.0.8",
      "resolved": "http://registry.npm.baidu-int.com/minimist/-/minimist-0.0.8.tgz",
      "integrity": "sha1-hX/Kv8M5fSYluCKCYuhqp6ARsF0="
    },
    "mkdirp": {
      "version": "0.5.0",
      "resolved": "http://registry.npm.baidu-int.com/mkdirp/-/mkdirp-0.5.0.tgz",
      "integrity": "sha1-HXMHam35hs2TROFecfzAWkyavxI=",
      "requires": {
        "minimist": "0.0.8"
      }
    },
    "stack-trace": {
      "version": "0.0.9",
      "resolved": "http://registry.npm.baidu-int.com/stack-trace/-/stack-trace-0.0.9.tgz",
      "integrity": "sha1-qPbq7KkGdMMz58Q5U/J1tFFRBpU="
    }
  }
}
